
Microsoft Visual Studio Solution File, Format Version 12.00
# Visual Studio Version 17
VisualStudioVersion = 17.6.33829.357
MinimumVisualStudioVersion = 10.0.40219.1
Project("{2150E333-8FDC-42A3-9474-1A3956D46DE8}") = "Solution Items", "Solution Items", "{F14BD7E5-3BF0-455D-8484-357D0FD7125E}"
	ProjectSection(SolutionItems) = preProject
		README.md = README.md
	EndProjectSection
EndProject
Project("{FAE04EC0-301F-11D3-BF4B-00C04F79EFBC}") = "Server", "Server\Server.csproj", "{E2E5925A-58A9-49C6-9059-58E4061D112F}"
EndProject
Project("{FAE04EC0-301F-11D3-BF4B-00C04F79EFBC}") = "Client", "Client\Client.csproj", "{6D4C524F-52A6-4507-A8C9-057B98E5D07C}"
EndProject
Global
	GlobalSection(SolutionConfigurationPlatforms) = preSolution
		Debug|Any CPU = Debug|Any CPU
		Release|Any CPU = Release|Any CPU
	EndGlobalSection
	GlobalSection(ProjectConfigurationPlatforms) = postSolution
		{E2E5925A-58A9-49C6-9059-58E4061D112F}.Debug|Any CPU.ActiveCfg = Debug|Any CPU
		{E2E5925A-58A9-49C6-9059-58E4061D112F}.Debug|Any CPU.Build.0 = Debug|Any CPU
		{E2E5925A-58A9-49C6-9059-58E4061D112F}.Release|Any CPU.ActiveCfg = Release|Any CPU
		{E2E5925A-58A9-49C6-9059-58E4061D112F}.Release|Any CPU.Build.0 = Release|Any CPU
		{6D4C524F-52A6-4507-A8C9-057B98E5D07C}.Debug|Any CPU.ActiveCfg = Debug|Any CPU
		{6D4C524F-52A6-4507-A8C9-057B98E5D07C}.Debug|Any CPU.Build.0 = Debug|Any CPU
		{6D4C524F-52A6-4507-A8C9-057B98E5D07C}.Release|Any CPU.ActiveCfg = Release|Any CPU
		{6D4C524F-52A6-4507-A8C9-057B98E5D07C}.Release|Any CPU.Build.0 = Release|Any CPU
	EndGlobalSection
	GlobalSection(SolutionProperties) = preSolution
		HideSolutionNode = FALSE
	EndGlobalSection
	GlobalSection(ExtensibilityGlobals) = postSolution
		SolutionGuid = {DEABCC09-910E-4495-9A3A-D82CA5CCC338}
	EndGlobalSection
EndGlobal
